version = 1
revision = 3
requires-python = ">=3.12"

[[package]]
name = "attrs"
version = "24.3.0"
source = { registry = "https://pypi.org/simple" }
sdist = { url = "https://files.pythonhosted.org/packages/48/c8/6260f8ccc11f0917360fc0da435c5c9c7504e3db174d5a12a1494887b045/attrs-24.3.0.tar.gz", hash = "sha256:8f5c07333d543103541ba7be0e2ce16eeee8130cb0b3f9238ab904ce1e85baff", size = 805984, upload-time = "2024-12-16T06:59:29.899Z" }
wheels = [
    { url = "https://files.pythonhosted.org/packages/89/aa/ab0f7891a01eeb2d2e338ae8fecbe57fcebea1a24dbb64d45801bfab481d/attrs-24.3.0-py3-none-any.whl", hash = "sha256:ac96cd038792094f438ad1f6ff80837353805ac950cd2aa0e0625ef19850c308", size = 63397, upload-time = "2024-12-16T06:59:26.977Z" },
]

[[package]]
name = "bobo-pipeline"
version = "2.1.0"
source = { virtual = "." }
dependencies = [
    { name = "attrs" },
    { name = "cattrs" },
    { name = "ffmpeg-python" },
    { name = "filelock" },
    { name = "qt-py" },
    { name = "six" },
]

[package.dev-dependencies]
dev = [
    { name = "maya-stubs" },
    { name = "mypy" },
    { name = "nptyping" },
    { name = "ruff" },
    { name = "types-houdini" },
    { name = "types-katana" },
    { name = "types-mari" },
    { name = "types-nuke" },
    { name = "types-opencolorio" },
    { name = "types-pyside2" },
    { name = "types-substance-painter" },
    { name = "types-usd" },
]

[package.metadata]
requires-dist = [
    { name = "attrs", specifier = ">=24.2.0,<25.0.0" },
    { name = "cattrs", specifier = ">=23.2.3,<24.0.0" },
    { name = "ffmpeg-python", specifier = ">=0.2.0,<0.3.0" },
    { name = "filelock", specifier = ">=3.17.0,<4.0.0" },
    { name = "qt-py", specifier = ">=1.4.1,<2.0.0" },
    { name = "six", specifier = ">=1.17.0,<2.0.0" },
]

[package.metadata.requires-dev]
dev = [
    { name = "maya-stubs", specifier = ">=0.4.1,<0.5.0" },
    { name = "mypy", specifier = ">=1.11.1,<2.0.0" },
    { name = "nptyping", specifier = ">=2.5.0,<3.0.0" },
    { name = "ruff", specifier = ">=0.5.7,<0.6.0" },
    { name = "types-houdini", specifier = ">=19.5.1,<20.0.0" },
    { name = "types-katana", specifier = ">=5.0.5.0,<6.0.0" },
    { name = "types-mari", specifier = ">=5.0.5.0,<6.0.0" },
    { name = "types-nuke", specifier = ">=13.2.8.0,<14.0.0" },
    { name = "types-opencolorio", specifier = ">=2.2.1.2,<3.0.0" },
    { name = "types-pyside2", specifier = ">=5.15.2.1.7,<6.0.0" },
    { name = "types-substance-painter", specifier = ">=2023.8.3.0.0,<2024.0.0.0.0" },
    { name = "types-usd", specifier = ">=24.5.1,<25.0.0" },
]

[[package]]
name = "cattrs"
version = "23.2.3"
source = { registry = "https://pypi.org/simple" }
dependencies = [
    { name = "attrs" },
]
sdist = { url = "https://files.pythonhosted.org/packages/1e/57/c6ccd22658c4bcb3beb3f1c262e1f170cf136e913b122763d0ddd328d284/cattrs-23.2.3.tar.gz", hash = "sha256:a934090d95abaa9e911dac357e3a8699e0b4b14f8529bcc7d2b1ad9d51672b9f", size = 610215, upload-time = "2023-11-30T22:19:21.117Z" }
wheels = [
    { url = "https://files.pythonhosted.org/packages/b3/0d/cd4a4071c7f38385dc5ba91286723b4d1090b87815db48216212c6c6c30e/cattrs-23.2.3-py3-none-any.whl", hash = "sha256:0341994d94971052e9ee70662542699a3162ea1e0c62f7ce1b4a57f563685108", size = 57474, upload-time = "2023-11-30T22:19:19.163Z" },
]

[[package]]
name = "ffmpeg-python"
version = "0.2.0"
source = { registry = "https://pypi.org/simple" }
dependencies = [
    { name = "future" },
]
sdist = { url = "https://files.pythonhosted.org/packages/dd/5e/d5f9105d59c1325759d838af4e973695081fbbc97182baf73afc78dec266/ffmpeg-python-0.2.0.tar.gz", hash = "sha256:65225db34627c578ef0e11c8b1eb528bb35e024752f6f10b78c011f6f64c4127", size = 21543, upload-time = "2019-07-06T00:19:08.989Z" }
wheels = [
    { url = "https://files.pythonhosted.org/packages/d7/0c/56be52741f75bad4dc6555991fabd2e07b432d333da82c11ad701123888a/ffmpeg_python-0.2.0-py3-none-any.whl", hash = "sha256:ac441a0404e053f8b6a1113a77c0f452f1cfc62f6344a769475ffdc0f56c23c5", size = 25024, upload-time = "2019-07-06T00:19:07.215Z" },
]

[[package]]
name = "filelock"
version = "3.20.0"
source = { registry = "https://pypi.org/simple" }
sdist = { url = "https://files.pythonhosted.org/packages/58/46/0028a82567109b5ef6e4d2a1f04a583fb513e6cf9527fcdd09afd817deeb/filelock-3.20.0.tar.gz", hash = "sha256:711e943b4ec6be42e1d4e6690b48dc175c822967466bb31c0c293f34334c13f4", size = 18922, upload-time = "2025-10-08T18:03:50.056Z" }
wheels = [
    { url = "https://files.pythonhosted.org/packages/76/91/7216b27286936c16f5b4d0c530087e4a54eead683e6b0b73dd0c64844af6/filelock-3.20.0-py3-none-any.whl", hash = "sha256:339b4732ffda5cd79b13f4e2711a31b0365ce445d95d243bb996273d072546a2", size = 16054, upload-time = "2025-10-08T18:03:48.35Z" },
]

[[package]]
name = "future"
version = "1.0.0"
source = { registry = "https://pypi.org/simple" }
sdist = { url = "https://files.pythonhosted.org/packages/a7/b2/4140c69c6a66432916b26158687e821ba631a4c9273c474343badf84d3ba/future-1.0.0.tar.gz", hash = "sha256:bd2968309307861edae1458a4f8a4f3598c03be43b97521076aebf5d94c07b05", size = 1228490, upload-time = "2024-02-21T11:52:38.461Z" }
wheels = [
    { url = "https://files.pythonhosted.org/packages/da/71/ae30dadffc90b9006d77af76b393cb9dfbfc9629f339fc1574a1c52e6806/future-1.0.0-py3-none-any.whl", hash = "sha256:929292d34f5872e70396626ef385ec22355a1fae8ad29e1a734c3e43f9fbc216", size = 491326, upload-time = "2024-02-21T11:52:35.956Z" },
]

[[package]]
name = "maya-stubs"
version = "0.4.1"
source = { registry = "https://pypi.org/simple" }
sdist = { url = "https://files.pythonhosted.org/packages/d1/76/22b910b2ebbcc306edac24c248fecc78591398a8d8500fa1c53263ea2973/maya_stubs-0.4.1.tar.gz", hash = "sha256:d9b8c515da2a446fdc493853a7dacb2758183208aef2f6f13e190c3d009cc8d5", size = 1358046, upload-time = "2024-01-16T22:20:25.811Z" }
wheels = [
    { url = "https://files.pythonhosted.org/packages/9f/ce/3b4b049140e19df5735adee90087db05f46558dad7a46ada684318c0e63a/maya_stubs-0.4.1-py2.py3-none-any.whl", hash = "sha256:d17e4b5bfced49d333991a1df0815c3eb159fce88fce0b23cb5e10d53d3480a7", size = 1376766, upload-time = "2024-01-16T22:20:21.751Z" },
]

[[package]]
name = "mypy"
version = "1.18.2"
source = { registry = "https://pypi.org/simple" }
dependencies = [
    { name = "mypy-extensions" },
    { name = "pathspec" },
    { name = "typing-extensions" },
]
sdist = { url = "https://files.pythonhosted.org/packages/c0/77/8f0d0001ffad290cef2f7f216f96c814866248a0b92a722365ed54648e7e/mypy-1.18.2.tar.gz", hash = "sha256:06a398102a5f203d7477b2923dda3634c36727fa5c237d8f859ef90c42a9924b", size = 3448846, upload-time = "2025-09-19T00:11:10.519Z" }
wheels = [
    { url = "https://files.pythonhosted.org/packages/07/06/dfdd2bc60c66611dd8335f463818514733bc763e4760dee289dcc33df709/mypy-1.18.2-cp312-cp312-macosx_10_13_x86_64.whl", hash = "sha256:33eca32dd124b29400c31d7cf784e795b050ace0e1f91b8dc035672725617e34", size = 12908273, upload-time = "2025-09-19T00:10:58.321Z" },
    { url = "https://files.pythonhosted.org/packages/81/14/6a9de6d13a122d5608e1a04130724caf9170333ac5a924e10f670687d3eb/mypy-1.18.2-cp312-cp312-macosx_11_0_arm64.whl", hash = "sha256:a3c47adf30d65e89b2dcd2fa32f3aeb5e94ca970d2c15fcb25e297871c8e4764", size = 11920910, upload-time = "2025-09-19T00:10:20.043Z" },
    { url = "https://files.pythonhosted.org/packages/5f/a9/b29de53e42f18e8cc547e38daa9dfa132ffdc64f7250e353f5c8cdd44bee/mypy-1.18.2-cp312-cp312-manylinux2014_aarch64.manylinux_2_17_aarch64.manylinux_2_28_aarch64.whl", hash = "sha256:5d6c838e831a062f5f29d11c9057c6009f60cb294fea33a98422688181fe2893", size = 12465585, upload-time = "2025-09-19T00:10:33.005Z" },
    { url = "https://files.pythonhosted.org/packages/77/ae/6c3d2c7c61ff21f2bee938c917616c92ebf852f015fb55917fd6e2811db2/mypy-1.18.2-cp312-cp312-manylinux2014_x86_64.manylinux_2_17_x86_64.manylinux_2_28_x86_64.whl", hash = "sha256:01199871b6110a2ce984bde85acd481232d17413868c9807e95c1b0739a58914", size = 13348562, upload-time = "2025-09-19T00:10:11.51Z" },
    { url = "https://files.pythonhosted.org/packages/4d/31/aec68ab3b4aebdf8f36d191b0685d99faa899ab990753ca0fee60fb99511/mypy-1.18.2-cp312-cp312-musllinux_1_2_x86_64.whl", hash = "sha256:a2afc0fa0b0e91b4599ddfe0f91e2c26c2b5a5ab263737e998d6817874c5f7c8", size = 13533296, upload-time = "2025-09-19T00:10:06.568Z" },
    { url = "https://files.pythonhosted.org/packages/9f/83/abcb3ad9478fca3ebeb6a5358bb0b22c95ea42b43b7789c7fb1297ca44f4/mypy-1.18.2-cp312-cp312-win_amd64.whl", hash = "sha256:d8068d0afe682c7c4897c0f7ce84ea77f6de953262b12d07038f4d296d547074", size = 9828828, upload-time = "2025-09-19T00:10:28.203Z" },
    { url = "https://files.pythonhosted.org/packages/5f/04/7f462e6fbba87a72bc8097b93f6842499c428a6ff0c81dd46948d175afe8/mypy-1.18.2-cp313-cp313-macosx_10_13_x86_64.whl", hash = "sha256:07b8b0f580ca6d289e69209ec9d3911b4a26e5abfde32228a288eb79df129fcc", size = 12898728, upload-time = "2025-09-19T00:10:01.33Z" },
    { url = "https://files.pythonhosted.org/packages/99/5b/61ed4efb64f1871b41fd0b82d29a64640f3516078f6c7905b68ab1ad8b13/mypy-1.18.2-cp313-cp313-macosx_11_0_arm64.whl", hash = "sha256:ed4482847168439651d3feee5833ccedbf6657e964572706a2adb1f7fa4dfe2e", size = 11910758, upload-time = "2025-09-19T00:10:42.607Z" },
    { url = "https://files.pythonhosted.org/packages/3c/46/d297d4b683cc89a6e4108c4250a6a6b717f5fa96e1a30a7944a6da44da35/mypy-1.18.2-cp313-cp313-manylinux2014_aarch64.manylinux_2_17_aarch64.manylinux_2_28_aarch64.whl", hash = "sha256:c3ad2afadd1e9fea5cf99a45a822346971ede8685cc581ed9cd4d42eaf940986", size = 12475342, upload-time = "2025-09-19T00:11:00.371Z" },
    { url = "https://files.pythonhosted.org/packages/83/45/4798f4d00df13eae3bfdf726c9244bcb495ab5bd588c0eed93a2f2dd67f3/mypy-1.18.2-cp313-cp313-manylinux2014_x86_64.manylinux_2_17_x86_64.manylinux_2_28_x86_64.whl", hash = "sha256:a431a6f1ef14cf8c144c6b14793a23ec4eae3db28277c358136e79d7d062f62d", size = 13338709, upload-time = "2025-09-19T00:11:03.358Z" },
    { url = "https://files.pythonhosted.org/packages/d7/09/479f7358d9625172521a87a9271ddd2441e1dab16a09708f056e97007207/mypy-1.18.2-cp313-cp313-musllinux_1_2_x86_64.whl", hash = "sha256:7ab28cc197f1dd77a67e1c6f35cd1f8e8b73ed2217e4fc005f9e6a504e46e7ba", size = 13529806, upload-time = "2025-09-19T00:10:26.073Z" },
    { url = "https://files.pythonhosted.org/packages/71/cf/ac0f2c7e9d0ea3c75cd99dff7aec1c9df4a1376537cb90e4c882267ee7e9/mypy-1.18.2-cp313-cp313-win_amd64.whl", hash = "sha256:0e2785a84b34a72ba55fb5daf079a1003a34c05b22238da94fcae2bbe46f3544", size = 9833262, upload-time = "2025-09-19T00:10:40.035Z" },
    { url = "https://files.pythonhosted.org/packages/5a/0c/7d5300883da16f0063ae53996358758b2a2df2a09c72a5061fa79a1f5006/mypy-1.18.2-cp314-cp314-macosx_10_13_x86_64.whl", hash = "sha256:62f0e1e988ad41c2a110edde6c398383a889d95b36b3e60bcf155f5164c4fdce", size = 12893775, upload-time = "2025-09-19T00:10:03.814Z" },
    { url = "https://files.pythonhosted.org/packages/50/df/2cffbf25737bdb236f60c973edf62e3e7b4ee1c25b6878629e88e2cde967/mypy-1.18.2-cp314-cp314-macosx_11_0_arm64.whl", hash = "sha256:8795a039bab805ff0c1dfdb8cd3344642c2b99b8e439d057aba30850b8d3423d", size = 11936852, upload-time = "2025-09-19T00:10:51.631Z" },
    { url = "https://files.pythonhosted.org/packages/be/50/34059de13dd269227fb4a03be1faee6e2a4b04a2051c82ac0a0b5a773c9a/mypy-1.18.2-cp314-cp314-manylinux2014_aarch64.manylinux_2_17_aarch64.manylinux_2_28_aarch64.whl", hash = "sha256:6ca1e64b24a700ab5ce10133f7ccd956a04715463d30498e64ea8715236f9c9c", size = 12480242, upload-time = "2025-09-19T00:11:07.955Z" },
    { url = "https://files.pythonhosted.org/packages/5b/11/040983fad5132d85914c874a2836252bbc57832065548885b5bb5b0d4359/mypy-1.18.2-cp314-cp314-manylinux2014_x86_64.manylinux_2_17_x86_64.manylinux_2_28_x86_64.whl", hash = "sha256:d924eef3795cc89fecf6bedc6ed32b33ac13e8321344f6ddbf8ee89f706c05cb", size = 13326683, upload-time = "2025-09-19T00:09:55.572Z" },
    { url = "https://files.pythonhosted.org/packages/e9/ba/89b2901dd77414dd7a8c8729985832a5735053be15b744c18e4586e506ef/mypy-1.18.2-cp314-cp314-musllinux_1_2_x86_64.whl", hash = "sha256:20c02215a080e3a2be3aa50506c67242df1c151eaba0dcbc1e4e557922a26075", size = 13514749, upload-time = "2025-09-19T00:10:44.827Z" },
    { url = "https://files.pythonhosted.org/packages/25/bc/cc98767cffd6b2928ba680f3e5bc969c4152bf7c2d83f92f5a504b92b0eb/mypy-1.18.2-cp314-cp314-win_amd64.whl", hash = "sha256:749b5f83198f1ca64345603118a6f01a4e99ad4bf9d103ddc5a3200cc4614adf", size = 9982959, upload-time = "2025-09-19T00:10:37.344Z" },
    { url = "https://files.pythonhosted.org/packages/87/e3/be76d87158ebafa0309946c4a73831974d4d6ab4f4ef40c3b53a385a66fd/mypy-1.18.2-py3-none-any.whl", hash = "sha256:22a1748707dd62b58d2ae53562ffc4d7f8bcc727e8ac7cbc69c053ddc874d47e", size = 2352367, upload-time = "2025-09-19T00:10:15.489Z" },
]

[[package]]
name = "mypy-extensions"
version = "1.1.0"
source = { registry = "https://pypi.org/simple" }
sdist = { url = "https://files.pythonhosted.org/packages/a2/6e/371856a3fb9d31ca8dac321cda606860fa4548858c0cc45d9d1d4ca2628b/mypy_extensions-1.1.0.tar.gz", hash = "sha256:52e68efc3284861e772bbcd66823fde5ae21fd2fdb51c62a211403730b916558", size = 6343, upload-time = "2025-04-22T14:54:24.164Z" }
wheels = [
    { url = "https://files.pythonhosted.org/packages/79/7b/2c79738432f5c924bef5071f933bcc9efd0473bac3b4aa584a6f7c1c8df8/mypy_extensions-1.1.0-py3-none-any.whl", hash = "sha256:1be4cccdb0f2482337c4743e60421de3a356cd97508abadd57d47403e94f5505", size = 4963, upload-time = "2025-04-22T14:54:22.983Z" },
]

[[package]]
name = "nptyping"
version = "2.5.0"
source = { registry = "https://pypi.org/simple" }
dependencies = [
    { name = "numpy" },
]
sdist = { url = "https://files.pythonhosted.org/packages/e1/b7/ffe533358c32506b1708feec0fb04ba0a35a959a94163fff5333671909da/nptyping-2.5.0.tar.gz", hash = "sha256:e3d35b53af967e6fb407c3016ff9abae954d3a0568f7cc13a461084224e8e20a", size = 71623, upload-time = "2023-02-20T21:57:11.814Z" }
wheels = [
    { url = "https://files.pythonhosted.org/packages/b1/28/92edc05378175de13a3d4986cee7531853634a22b7e5e21a988fa84fde3f/nptyping-2.5.0-py3-none-any.whl", hash = "sha256:764e51836faae33a7ae2e928af574cfb701355647accadcc89f2ad793630b7c8", size = 37602, upload-time = "2023-02-20T21:57:09.61Z" },
]

[[package]]
name = "numpy"
version = "1.26.4"
source = { registry = "https://pypi.org/simple" }
sdist = { url = "https://files.pythonhosted.org/packages/65/6e/09db70a523a96d25e115e71cc56a6f9031e7b8cd166c1ac8438307c14058/numpy-1.26.4.tar.gz", hash = "sha256:2a02aba9ed12e4ac4eb3ea9421c420301a0c6460d9830d74a9df87efa4912010", size = 15786129, upload-time = "2024-02-06T00:26:44.495Z" }
wheels = [
    { url = "https://files.pythonhosted.org/packages/95/12/8f2020a8e8b8383ac0177dc9570aad031a3beb12e38847f7129bacd96228/numpy-1.26.4-cp312-cp312-macosx_10_9_x86_64.whl", hash = "sha256:b3ce300f3644fb06443ee2222c2201dd3a89ea6040541412b8fa189341847218", size = 20335901, upload-time = "2024-02-05T23:55:32.801Z" },
    { url = "https://files.pythonhosted.org/packages/75/5b/ca6c8bd14007e5ca171c7c03102d17b4f4e0ceb53957e8c44343a9546dcc/numpy-1.26.4-cp312-cp312-macosx_11_0_arm64.whl", hash = "sha256:03a8c78d01d9781b28a6989f6fa1bb2c4f2d51201cf99d3dd875df6fbd96b23b", size = 13685868, upload-time = "2024-02-05T23:55:56.28Z" },
    { url = "https://files.pythonhosted.org/packages/79/f8/97f10e6755e2a7d027ca783f63044d5b1bc1ae7acb12afe6a9b4286eac17/numpy-1.26.4-cp312-cp312-manylinux_2_17_aarch64.manylinux2014_aarch64.whl", hash = "sha256:9fad7dcb1aac3c7f0584a5a8133e3a43eeb2fe127f47e3632d43d677c66c102b", size = 13925109, upload-time = "2024-02-05T23:56:20.368Z" },
    { url = "https://files.pythonhosted.org/packages/0f/50/de23fde84e45f5c4fda2488c759b69990fd4512387a8632860f3ac9cd225/numpy-1.26.4-cp312-cp312-manylinux_2_17_x86_64.manylinux2014_x86_64.whl", hash = "sha256:675d61ffbfa78604709862923189bad94014bef562cc35cf61d3a07bba02a7ed", size = 17950613, upload-time = "2024-02-05T23:56:56.054Z" },
    { url = "https://files.pythonhosted.org/packages/4c/0c/9c603826b6465e82591e05ca230dfc13376da512b25ccd0894709b054ed0/numpy-1.26.4-cp312-cp312-musllinux_1_1_aarch64.whl", hash = "sha256:ab47dbe5cc8210f55aa58e4805fe224dac469cde56b9f731a4c098b91917159a", size = 13572172, upload-time = "2024-02-05T23:57:21.56Z" },
    { url = "https://files.pythonhosted.org/packages/76/8c/2ba3902e1a0fc1c74962ea9bb33a534bb05984ad7ff9515bf8d07527cadd/numpy-1.26.4-cp312-cp312-musllinux_1_1_x86_64.whl", hash = "sha256:1dda2e7b4ec9dd512f84935c5f126c8bd8b9f2fc001e9f54af255e8c5f16b0e0", size = 17786643, upload-time = "2024-02-05T23:57:56.585Z" },
    { url = "https://files.pythonhosted.org/packages/28/4a/46d9e65106879492374999e76eb85f87b15328e06bd1550668f79f7b18c6/numpy-1.26.4-cp312-cp312-win32.whl", hash = "sha256:50193e430acfc1346175fcbdaa28ffec49947a06918b7b92130744e81e640110", size = 5677803, upload-time = "2024-02-05T23:58:08.963Z" },
    { url = "https://files.pythonhosted.org/packages/16/2e/86f24451c2d530c88daf997cb8d6ac622c1d40d19f5a031ed68a4b73a374/numpy-1.26.4-cp312-cp312-win_amd64.whl", hash = "sha256:08beddf13648eb95f8d867350f6a018a4be2e5ad54c8d8caed89ebca558b2818", size = 15517754, upload-time = "2024-02-05T23:58:36.364Z" },
]

[[package]]
name = "pathspec"
version = "0.12.1"
source = { registry = "https://pypi.org/simple" }
sdist = { url = "https://files.pythonhosted.org/packages/ca/bc/f35b8446f4531a7cb215605d100cd88b7ac6f44ab3fc94870c120ab3adbf/pathspec-0.12.1.tar.gz", hash = "sha256:a482d51503a1ab33b1c67a6c3813a26953dbdc71c31dacaef9a838c4e29f5712", size = 51043, upload-time = "2023-12-10T22:30:45Z" }
wheels = [
    { url = "https://files.pythonhosted.org/packages/cc/20/ff623b09d963f88bfde16306a54e12ee5ea43e9b597108672ff3a408aad6/pathspec-0.12.1-py3-none-any.whl", hash = "sha256:a0d503e138a4c123b27490a4f7beda6a01c6f288df0e4a8b79c7eb0dc7b4cc08", size = 31191, upload-time = "2023-12-10T22:30:43.14Z" },
]

[[package]]
name = "qt-py"
version = "1.4.7"
source = { registry = "https://pypi.org/simple" }
dependencies = [
    { name = "types-pyside2" },
]
sdist = { url = "https://files.pythonhosted.org/packages/a8/f4/61b464e6176442403c48e2bc054def7cec39caefc8213020498da3eae164/qt_py-1.4.7.tar.gz", hash = "sha256:9436bc92272362b75b27a3251416d17af2dde1ad7beb0e1008cb7c34717390d3", size = 62819, upload-time = "2025-08-30T01:29:46.198Z" }
wheels = [
    { url = "https://files.pythonhosted.org/packages/b7/a9/9da24eca519398125d60dfdbb7544ba977ca76dcea72736de8076ba5c89c/qt_py-1.4.7-py2.py3-none-any.whl", hash = "sha256:a8644a551bb66eeda03730400e6034bfe7c7334d1f4ec97b7c316942249ed69b", size = 44439, upload-time = "2025-08-30T01:29:44.162Z" },
]

[[package]]
name = "ruff"
version = "0.5.7"
source = { registry = "https://pypi.org/simple" }
sdist = { url = "https://files.pythonhosted.org/packages/bf/2b/69e5e412f9d390adbdbcbf4f64d6914fa61b44b08839a6584655014fc524/ruff-0.5.7.tar.gz", hash = "sha256:8dfc0a458797f5d9fb622dd0efc52d796f23f0a1493a9527f4e49a550ae9a7e5", size = 2449817, upload-time = "2024-08-08T15:43:07.467Z" }
wheels = [
    { url = "https://files.pythonhosted.org/packages/6b/eb/06e06aaf96af30a68e83b357b037008c54a2ddcbad4f989535007c700394/ruff-0.5.7-py3-none-linux_armv6l.whl", hash = "sha256:548992d342fc404ee2e15a242cdbea4f8e39a52f2e7752d0e4cbe88d2d2f416a", size = 9570571, upload-time = "2024-08-08T15:41:56.537Z" },
    { url = "https://files.pythonhosted.org/packages/a4/10/1be32aeaab8728f78f673e7a47dd813222364479b2d6573dbcf0085e83ea/ruff-0.5.7-py3-none-macosx_10_12_x86_64.whl", hash = "sha256:00cc8872331055ee017c4f1071a8a31ca0809ccc0657da1d154a1d2abac5c0be", size = 8685138, upload-time = "2024-08-08T15:42:02.833Z" },
    { url = "https://files.pythonhosted.org/packages/3d/1d/c218ce83beb4394ba04d05e9aa2ae6ce9fba8405688fe878b0fdb40ce855/ruff-0.5.7-py3-none-macosx_11_0_arm64.whl", hash = "sha256:eaf3d86a1fdac1aec8a3417a63587d93f906c678bb9ed0b796da7b59c1114a1e", size = 8266785, upload-time = "2024-08-08T15:42:08.321Z" },
    { url = "https://files.pythonhosted.org/packages/26/79/7f49509bd844476235b40425756def366b227a9714191c91f02fb2178635/ruff-0.5.7-py3-none-manylinux_2_17_aarch64.manylinux2014_aarch64.whl", hash = "sha256:a01c34400097b06cf8a6e61b35d6d456d5bd1ae6961542de18ec81eaf33b4cb8", size = 9983964, upload-time = "2024-08-08T15:42:12.419Z" },
    { url = "https://files.pythonhosted.org/packages/bf/b1/939836b70bf9fcd5e5cd3ea67fdb8abb9eac7631351d32f26544034a35e4/ruff-0.5.7-py3-none-manylinux_2_17_armv7l.manylinux2014_armv7l.whl", hash = "sha256:fcc8054f1a717e2213500edaddcf1dbb0abad40d98e1bd9d0ad364f75c763eea", size = 9359490, upload-time = "2024-08-08T15:42:16.713Z" },
    { url = "https://files.pythonhosted.org/packages/32/7d/b3db19207de105daad0c8b704b2c6f2a011f9c07017bd58d8d6e7b8eba19/ruff-0.5.7-py3-none-manylinux_2_17_i686.manylinux2014_i686.whl", hash = "sha256:7f70284e73f36558ef51602254451e50dd6cc479f8b6f8413a95fcb5db4a55fc", size = 10170833, upload-time = "2024-08-08T15:42:20.54Z" },
    { url = "https://files.pythonhosted.org/packages/a2/45/eae9da55f3357a1ac04220230b8b07800bf516e6dd7e1ad20a2ff3b03b1b/ruff-0.5.7-py3-none-manylinux_2_17_ppc64.manylinux2014_ppc64.whl", hash = "sha256:a78ad870ae3c460394fc95437d43deb5c04b5c29297815a2a1de028903f19692", size = 10896360, upload-time = "2024-08-08T15:42:25.2Z" },
    { url = "https://files.pythonhosted.org/packages/99/67/4388b36d145675f4c51ebec561fcd4298a0e2550c81e629116f83ce45a39/ruff-0.5.7-py3-none-manylinux_2_17_ppc64le.manylinux2014_ppc64le.whl", hash = "sha256:9ccd078c66a8e419475174bfe60a69adb36ce04f8d4e91b006f1329d5cd44bcf", size = 10477094, upload-time = "2024-08-08T15:42:29.553Z" },
    { url = "https://files.pythonhosted.org/packages/e1/9c/f5e6ed1751dc187a4ecf19a4970dd30a521c0ee66b7941c16e292a4043fb/ruff-0.5.7-py3-none-manylinux_2_17_s390x.manylinux2014_s390x.whl", hash = "sha256:7e31c9bad4ebf8fdb77b59cae75814440731060a09a0e0077d559a556453acbb", size = 11480896, upload-time = "2024-08-08T15:42:33.772Z" },
    { url = "https://files.pythonhosted.org/packages/c8/3b/2b683be597bbd02046678fc3fc1c199c641512b20212073b58f173822bb3/ruff-0.5.7-py3-none-manylinux_2_17_x86_64.manylinux2014_x86_64.whl", hash = "sha256:8d796327eed8e168164346b769dd9a27a70e0298d667b4ecee6877ce8095ec8e", size = 10179702, upload-time = "2024-08-08T15:42:38.038Z" },
    { url = "https://files.pythonhosted.org/packages/f1/38/c2d94054dc4b3d1ea4c2ba3439b2a7095f08d1c8184bc41e6abe2a688be7/ruff-0.5.7-py3-none-musllinux_1_2_aarch64.whl", hash = "sha256:4a09ea2c3f7778cc635e7f6edf57d566a8ee8f485f3c4454db7771efb692c499", size = 9982855, upload-time = "2024-08-08T15:42:42.031Z" },
    { url = "https://files.pythonhosted.org/packages/7d/e7/1433db2da505ffa8912dcf5b28a8743012ee780cbc20ad0bf114787385d9/ruff-0.5.7-py3-none-musllinux_1_2_armv7l.whl", hash = "sha256:a36d8dcf55b3a3bc353270d544fb170d75d2dff41eba5df57b4e0b67a95bb64e", size = 9433156, upload-time = "2024-08-08T15:42:45.339Z" },
    { url = "https://files.pythonhosted.org/packages/e0/36/4fa43250e67741edeea3d366f59a1dc993d4d89ad493a36cbaa9889895f2/ruff-0.5.7-py3-none-musllinux_1_2_i686.whl", hash = "sha256:9369c218f789eefbd1b8d82a8cf25017b523ac47d96b2f531eba73770971c9e5", size = 9782971, upload-time = "2024-08-08T15:42:49.354Z" },
    { url = "https://files.pythonhosted.org/packages/80/0e/8c276103d518e5cf9202f70630aaa494abf6fc71c04d87c08b6d3cd07a4b/ruff-0.5.7-py3-none-musllinux_1_2_x86_64.whl", hash = "sha256:b88ca3db7eb377eb24fb7c82840546fb7acef75af4a74bd36e9ceb37a890257e", size = 10247775, upload-time = "2024-08-08T15:42:53.294Z" },
    { url = "https://files.pythonhosted.org/packages/cb/b9/673096d61276f39291b729dddde23c831a5833d98048349835782688a0ec/ruff-0.5.7-py3-none-win32.whl", hash = "sha256:33d61fc0e902198a3e55719f4be6b375b28f860b09c281e4bdbf783c0566576a", size = 7841772, upload-time = "2024-08-08T15:42:57.488Z" },
    { url = "https://files.pythonhosted.org/packages/67/1c/4520c98bfc06b9c73cd1457686d4d3935d40046b1ddea08403e5a6deff51/ruff-0.5.7-py3-none-win_amd64.whl", hash = "sha256:083bbcbe6fadb93cd86709037acc510f86eed5a314203079df174c40bbbca6b3", size = 8699779, upload-time = "2024-08-08T15:43:00.429Z" },
    { url = "https://files.pythonhosted.org/packages/38/23/b3763a237d2523d40a31fe2d1a301191fe392dd48d3014977d079cf8c0bd/ruff-0.5.7-py3-none-win_arm64.whl", hash = "sha256:2dca26154ff9571995107221d0aeaad0e75a77b5a682d6236cf89a58c70b76f4", size = 8091891, upload-time = "2024-08-08T15:43:04.162Z" },
]

[[package]]
name = "six"
version = "1.17.0"
source = { registry = "https://pypi.org/simple" }
sdist = { url = "https://files.pythonhosted.org/packages/94/e7/b2c673351809dca68a0e064b6af791aa332cf192da575fd474ed7d6f16a2/six-1.17.0.tar.gz", hash = "sha256:ff70335d468e7eb6ec65b95b99d3a2836546063f63acc5171de367e834932a81", size = 34031, upload-time = "2024-12-04T17:35:28.174Z" }
wheels = [
    { url = "https://files.pythonhosted.org/packages/b7/ce/149a00dd41f10bc29e5921b496af8b574d8413afcd5e30dfa0ed46c2cc5e/six-1.17.0-py2.py3-none-any.whl", hash = "sha256:4721f391ed90541fddacab5acf947aa0d3dc7d27b2e1e8eda2be8970586c3274", size = 11050, upload-time = "2024-12-04T17:35:26.475Z" },
]

[[package]]
name = "types-houdini"
version = "19.5.1"
source = { registry = "https://pypi.org/simple" }
sdist = { url = "https://files.pythonhosted.org/packages/ac/04/56332f097c5e5890087285fa9ce61f21a5c58cf17c2f97da4a34ee965f5e/types_houdini-19.5.1.tar.gz", hash = "sha256:60e51f1ea6d57c63792c027b87aa0b4052e05b215cd0fdd1ecc98de203198c17", size = 72231, upload-time = "2023-08-05T06:00:29.657Z" }
wheels = [
    { url = "https://files.pythonhosted.org/packages/94/44/59e86a75ab3e4c067077087fdd54f02218c7b7a3df7b572bf1207b186538/types_houdini-19.5.1-py2.py3-none-any.whl", hash = "sha256:1b7aaf25690ef9f820507ce6a45656a1c65d1b25102978e4bd57e7a54fb1bf50", size = 72962, upload-time = "2023-08-05T06:00:26.929Z" },
]

[[package]]
name = "types-katana"
version = "5.0.5.0"
source = { registry = "https://pypi.org/simple" }
sdist = { url = "https://files.pythonhosted.org/packages/47/0b/d95da1763e56df58adb1b44ae8020d7f5c9c49607d843d9fa91c5bd9e895/types_katana-5.0.5.0.tar.gz", hash = "sha256:bbeaec6ac8b95260097ff90fb3556937b88f533bffa11eb8e15a28fb67d2a7b3", size = 319641, upload-time = "2023-08-08T05:05:41.848Z" }
wheels = [
    { url = "https://files.pythonhosted.org/packages/2c/44/64612aa68f26891354bafbdb55b11505de7b5fcfe57e8865d0b256be5df4/types_katana-5.0.5.0-py2.py3-none-any.whl", hash = "sha256:236a57633dfc4f3fd9e37a0c7fe75dc34124f3af20d552d0a2b1b2219cbd1140", size = 757127, upload-time = "2023-08-08T05:05:39.651Z" },
]

[[package]]
name = "types-mari"
version = "5.0.5.0"
source = { registry = "https://pypi.org/simple" }
sdist = { url = "https://files.pythonhosted.org/packages/39/66/2c285c3713564c129b0b18cb47c142a237f882eb8bf373d65e5cc8dea306/types_mari-5.0.5.0.tar.gz", hash = "sha256:159d828175b840ac3e193a027e08775dff7e59da7578882f31cef28101a6cea3", size = 55825, upload-time = "2023-08-04T21:50:30.647Z" }
wheels = [
    { url = "https://files.pythonhosted.org/packages/04/34/761a73023181e4ac3c638f377634d855f1fa43ab835e56ff195ea0612676/types_mari-5.0.5.0-py2.py3-none-any.whl", hash = "sha256:06e130d943ec1c5ea25db625d304136dba65af3aeda6ecc9c9e19b97f4fb3f22", size = 93111, upload-time = "2023-08-04T21:50:28.693Z" },
]

[[package]]
name = "types-nuke"
version = "13.2.8.0"
source = { registry = "https://pypi.org/simple" }
sdist = { url = "https://files.pythonhosted.org/packages/27/48/580f792f90ccd2124035d4bf9c3105cab64af509940693f17de9cfef2350/types_nuke-13.2.8.0.tar.gz", hash = "sha256:27626454c7d0bef1d3f4580f1e88c818cf9330186af538bd1ee5f48cc4c2cf67", size = 16447, upload-time = "2023-06-30T00:38:31.199Z" }
wheels = [
    { url = "https://files.pythonhosted.org/packages/5a/c4/a7fffabbfab1113d74b295f6cf55c80715f1e18755d2dc4a43e6b51d8b02/types_nuke-13.2.8.0-py2.py3-none-any.whl", hash = "sha256:ea3aecb23c154204ff4f061077f13032ba9c67b09c019f1bf7df517633b56360", size = 20397, upload-time = "2023-06-30T00:38:29.523Z" },
]

[[package]]
name = "types-opencolorio"
version = "2.4.2.0"
source = { registry = "https://pypi.org/simple" }
wheels = [
    { url = "https://files.pythonhosted.org/packages/1c/86/17f33598865b875b5780311426cf1ff56904659f7f56b4a65b5fc9f0f936/types_opencolorio-2.4.2.0-py2.py3-none-any.whl", hash = "sha256:c281760999a3ab4445590c89a11b53fa496afa85736051412fa1c20c8622a007", size = 16064, upload-time = "2025-07-22T02:57:28.699Z" },
]

[[package]]
name = "types-pyside2"
version = "5.15.2.1.7"
source = { registry = "https://pypi.org/simple" }
sdist = { url = "https://files.pythonhosted.org/packages/18/b9/b9691abe89b0dd6f02e52604dda35112e202084970edf1515eba22e45ab8/types_pyside2-5.15.2.1.7.tar.gz", hash = "sha256:1d65072deb97481ad481b3414f94d02fd5da07f5e709c2d439ced14f79b2537c", size = 539112, upload-time = "2024-03-11T19:17:12.962Z" }
wheels = [
    { url = "https://files.pythonhosted.org/packages/c1/19/b093a69c7964ab9abea8130fc4ca7e5f1f0f9c19433e53e2ca41a38d1285/types_pyside2-5.15.2.1.7-py2.py3-none-any.whl", hash = "sha256:a7bec4cb4657179415ca7ec7c70a45f9f9938664e22f385c85fd7cd724b07d4d", size = 572176, upload-time = "2024-03-11T19:17:11.079Z" },
]

[[package]]
name = "types-substance-painter"
version = "2023.8.3.0.0"
source = { registry = "https://pypi.org/simple" }
sdist = { url = "https://files.pythonhosted.org/packages/c9/7e/0b0720e94835d7da7ca8d1a89bff5e24905317a8e7ee9170efbeab8aa21f/types_substance_painter-2023.8.3.0.0.tar.gz", hash = "sha256:747e3a38cd6813ed17cb22d611746559e142e152c49ecdb39b4bc0bd3730ffcf", size = 11894, upload-time = "2023-06-30T01:01:52.269Z" }
wheels = [
    { url = "https://files.pythonhosted.org/packages/48/76/7ec02318a9ecbd88c5289b1e3a6062a97e468da0dc5c0c7a96e2c3f0fe87/types_substance_painter-2023.8.3.0.0-py2.py3-none-any.whl", hash = "sha256:a937131a955c79300b04031a648a733d95a7fa6b96168810a097ebf6253f8e88", size = 20885, upload-time = "2023-06-30T01:01:50.543Z" },
]

[[package]]
name = "types-usd"
version = "24.5.2"
source = { registry = "https://pypi.org/simple" }
sdist = { url = "https://files.pythonhosted.org/packages/1e/2e/b27175e276886dece2660c527556981dbf9465b977826e8b602500113fed/types_usd-24.5.2.tar.gz", hash = "sha256:5da654fdc17dfb8ddf2b264c626e5236e6572b5359498c5ec634b5577abe86fa", size = 487745, upload-time = "2024-08-21T03:40:44.95Z" }
wheels = [
    { url = "https://files.pythonhosted.org/packages/a9/38/77e716ff072350c3ae98da836e26080ffaf72e5da41c301dad55d23d8897/types_usd-24.5.2-py2.py3-none-any.whl", hash = "sha256:e696c40f7aec7fa3f65f14d26345b9b747d9004616bcd9fb01c85d4bb52b3d68", size = 541467, upload-time = "2024-08-21T03:40:43.139Z" },
]

[[package]]
name = "typing-extensions"
version = "4.15.0"
source = { registry = "https://pypi.org/simple" }
sdist = { url = "https://files.pythonhosted.org/packages/72/94/1a15dd82efb362ac84269196e94cf00f187f7ed21c242792a923cdb1c61f/typing_extensions-4.15.0.tar.gz", hash = "sha256:0cea48d173cc12fa28ecabc3b837ea3cf6f38c6d1136f85cbaaf598984861466", size = 109391, upload-time = "2025-08-25T13:49:26.313Z" }
wheels = [
    { url = "https://files.pythonhosted.org/packages/18/67/36e9267722cc04a6b9f15c7f3441c2363321a3ea07da7ae0c0707beb2a9c/typing_extensions-4.15.0-py3-none-any.whl", hash = "sha256:f0fa19c6845758ab08074a0cfa8b7aecb71c999ca73d62883bc25cc018c4e548", size = 44614, upload-time = "2025-08-25T13:49:24.86Z" },
]
